// !$*UTF8*$!
{
	archiveVersion = 1;
	classes = {
	};
	objectVersion = 46;
	objects = {

/* Begin PBXBuildFile section */
		32102E9F17A9412D00CFA161 /* 1c.js in Sources */ = {isa = PBXBuildFile; fileRef = 32102E6017A9412D00CFA161 /* 1c.js */; };
		32102EA017A9412D00CFA161 /* actionscript.js in Sources */ = {isa = PBXBuildFile; fileRef = 32102E6117A9412D00CFA161 /* actionscript.js */; };
		32102EA117A9412D00CFA161 /* apache.js in Sources */ = {isa = PBXBuildFile; fileRef = 32102E6217A9412D00CFA161 /* apache.js */; };
		32102EA217A9412D00CFA161 /* applescript.js in Sources */ = {isa = PBXBuildFile; fileRef = 32102E6317A9412D00CFA161 /* applescript.js */; };
		32102EA317A9412D00CFA161 /* asciidoc.js in Sources */ = {isa = PBXBuildFile; fileRef = 32102E6417A9412D00CFA161 /* asciidoc.js */; };
		32102EA417A9412D00CFA161 /* avrasm.js in Sources */ = {isa = PBXBuildFile; fileRef = 32102E6517A9412D00CFA161 /* avrasm.js */; };
		32102EA517A9412D00CFA161 /* axapta.js in Sources */ = {isa = PBXBuildFile; fileRef = 32102E6617A9412D00CFA161 /* axapta.js */; };
		32102EA617A9412D00CFA161 /* bash.js in Sources */ = {isa = PBXBuildFile; fileRef = 32102E6717A9412D00CFA161 /* bash.js */; };
		32102EA717A9412D00CFA161 /* brainfuck.js in Sources */ = {isa = PBXBuildFile; fileRef = 32102E6817A9412D00CFA161 /* brainfuck.js */; };
		32102EA817A9412D00CFA161 /* clojure.js in Sources */ = {isa = PBXBuildFile; fileRef = 32102E6917A9412D00CFA161 /* clojure.js */; };
		32102EA917A9412D00CFA161 /* cmake.js in Sources */ = {isa = PBXBuildFile; fileRef = 32102E6A17A9412D00CFA161 /* cmake.js */; };
		32102EAA17A9412D00CFA161 /* coffeescript.js in Sources */ = {isa = PBXBuildFile; fileRef = 32102E6B17A9412D00CFA161 /* coffeescript.js */; };
		32102EAB17A9412D00CFA161 /* cpp.js in Sources */ = {isa = PBXBuildFile; fileRef = 32102E6C17A9412D00CFA161 /* cpp.js */; };
		32102EAC17A9412D00CFA161 /* cs.js in Sources */ = {isa = PBXBuildFile; fileRef = 32102E6D17A9412D00CFA161 /* cs.js */; };
		32102EAD17A9412D00CFA161 /* css.js in Sources */ = {isa = PBXBuildFile; fileRef = 32102E6E17A9412D00CFA161 /* css.js */; };
		32102EAE17A9412D00CFA161 /* d.js in Sources */ = {isa = PBXBuildFile; fileRef = 32102E6F17A9412D00CFA161 /* d.js */; };
		32102EAF17A9412D00CFA161 /* delphi.js in Sources */ = {isa = PBXBuildFile; fileRef = 32102E7017A9412D00CFA161 /* delphi.js */; };
		32102EB017A9412D00CFA161 /* diff.js in Sources */ = {isa = PBXBuildFile; fileRef = 32102E7117A9412D00CFA161 /* diff.js */; };
		32102EB117A9412D00CFA161 /* django.js in Sources */ = {isa = PBXBuildFile; fileRef = 32102E7217A9412D00CFA161 /* django.js */; };
		32102EB217A9412D00CFA161 /* dos.js in Sources */ = {isa = PBXBuildFile; fileRef = 32102E7317A9412D00CFA161 /* dos.js */; };
		32102EB317A9412D00CFA161 /* erlang-repl.js in Sources */ = {isa = PBXBuildFile; fileRef = 32102E7417A9412D00CFA161 /* erlang-repl.js */; };
		32102EB417A9412D00CFA161 /* erlang.js in Sources */ = {isa = PBXBuildFile; fileRef = 32102E7517A9412D00CFA161 /* erlang.js */; };
		32102EB517A9412D00CFA161 /* fsharp.js in Sources */ = {isa = PBXBuildFile; fileRef = 32102E7617A9412D00CFA161 /* fsharp.js */; };
		32102EB617A9412D00CFA161 /* glsl.js in Sources */ = {isa = PBXBuildFile; fileRef = 32102E7717A9412D00CFA161 /* glsl.js */; };
		32102EB717A9412D00CFA161 /* go.js in Sources */ = {isa = PBXBuildFile; fileRef = 32102E7817A9412D00CFA161 /* go.js */; };
		32102EB817A9412D00CFA161 /* haml.js in Sources */ = {isa = PBXBuildFile; fileRef = 32102E7917A9412D00CFA161 /* haml.js */; };
		32102EB917A9412D00CFA161 /* handlebars.js in Sources */ = {isa = PBXBuildFile; fileRef = 32102E7A17A9412D00CFA161 /* handlebars.js */; };
		32102EBA17A9412D00CFA161 /* haskell.js in Sources */ = {isa = PBXBuildFile; fileRef = 32102E7B17A9412D00CFA161 /* haskell.js */; };
		32102EBB17A9412D00CFA161 /* http.js in Sources */ = {isa = PBXBuildFile; fileRef = 32102E7C17A9412D00CFA161 /* http.js */; };
		32102EBC17A9412D00CFA161 /* ini.js in Sources */ = {isa = PBXBuildFile; fileRef = 32102E7D17A9412D00CFA161 /* ini.js */; };
		32102EBD17A9412D00CFA161 /* java.js in Sources */ = {isa = PBXBuildFile; fileRef = 32102E7E17A9412D00CFA161 /* java.js */; };
		32102EBE17A9412D00CFA161 /* javascript.js in Sources */ = {isa = PBXBuildFile; fileRef = 32102E7F17A9412D00CFA161 /* javascript.js */; };
		32102EBF17A9412D00CFA161 /* json.js in Sources */ = {isa = PBXBuildFile; fileRef = 32102E8017A9412D00CFA161 /* json.js */; };
		32102EC017A9412D00CFA161 /* lasso.js in Sources */ = {isa = PBXBuildFile; fileRef = 32102E8117A9412D00CFA161 /* lasso.js */; };
		32102EC117A9412D00CFA161 /* lisp.js in Sources */ = {isa = PBXBuildFile; fileRef = 32102E8217A9412D00CFA161 /* lisp.js */; };
		32102EC217A9412D00CFA161 /* lua.js in Sources */ = {isa = PBXBuildFile; fileRef = 32102E8317A9412D00CFA161 /* lua.js */; };
		32102EC317A9412D00CFA161 /* markdown.js in Sources */ = {isa = PBXBuildFile; fileRef = 32102E8417A9412D00CFA161 /* markdown.js */; };
		32102EC417A9412D00CFA161 /* matlab.js in Sources */ = {isa = PBXBuildFile; fileRef = 32102E8517A9412D00CFA161 /* matlab.js */; };
		32102EC517A9412D00CFA161 /* mel.js in Sources */ = {isa = PBXBuildFile; fileRef = 32102E8617A9412D00CFA161 /* mel.js */; };
		32102EC617A9412D00CFA161 /* mizar.js in Sources */ = {isa = PBXBuildFile; fileRef = 32102E8717A9412D00CFA161 /* mizar.js */; };
		32102EC717A9412D00CFA161 /* nginx.js in Sources */ = {isa = PBXBuildFile; fileRef = 32102E8817A9412D00CFA161 /* nginx.js */; };
		32102EC817A9412D00CFA161 /* objectivec.js in Sources */ = {isa = PBXBuildFile; fileRef = 32102E8917A9412D00CFA161 /* objectivec.js */; };
		32102EC917A9412D00CFA161 /* parser3.js in Sources */ = {isa = PBXBuildFile; fileRef = 32102E8A17A9412D00CFA161 /* parser3.js */; };
		32102ECA17A9412D00CFA161 /* perl.js in Sources */ = {isa = PBXBuildFile; fileRef = 32102E8B17A9412D00CFA161 /* perl.js */; };
		32102ECB17A9412D00CFA161 /* php.js in Sources */ = {isa = PBXBuildFile; fileRef = 32102E8C17A9412D00CFA161 /* php.js */; };
		32102ECC17A9412D00CFA161 /* profile.js in Sources */ = {isa = PBXBuildFile; fileRef = 32102E8D17A9412D00CFA161 /* profile.js */; };
		32102ECD17A9412D00CFA161 /* python.js in Sources */ = {isa = PBXBuildFile; fileRef = 32102E8E17A9412D00CFA161 /* python.js */; };
		32102ECE17A9412D00CFA161 /* r.js in Sources */ = {isa = PBXBuildFile; fileRef = 32102E8F17A9412D00CFA161 /* r.js */; };
		32102ECF17A9412D00CFA161 /* rib.js in Sources */ = {isa = PBXBuildFile; fileRef = 32102E9017A9412D00CFA161 /* rib.js */; };
		32102ED017A9412D00CFA161 /* rsl.js in Sources */ = {isa = PBXBuildFile; fileRef = 32102E9117A9412D00CFA161 /* rsl.js */; };
		32102ED117A9412D00CFA161 /* ruby.js in Sources */ = {isa = PBXBuildFile; fileRef = 32102E9217A9412D00CFA161 /* ruby.js */; };
		32102ED217A9412D00CFA161 /* ruleslanguage.js in Sources */ = {isa = PBXBuildFile; fileRef = 32102E9317A9412D00CFA161 /* ruleslanguage.js */; };
		32102ED317A9412D00CFA161 /* rust.js in Sources */ = {isa = PBXBuildFile; fileRef = 32102E9417A9412D00CFA161 /* rust.js */; };
		32102ED417A9412D00CFA161 /* scala.js in Sources */ = {isa = PBXBuildFile; fileRef = 32102E9517A9412D00CFA161 /* scala.js */; };
		32102ED517A9412D00CFA161 /* scss.js in Sources */ = {isa = PBXBuildFile; fileRef = 32102E9617A9412D00CFA161 /* scss.js */; };
		32102ED617A9412D00CFA161 /* smalltalk.js in Sources */ = {isa = PBXBuildFile; fileRef = 32102E9717A9412D00CFA161 /* smalltalk.js */; };
		32102ED717A9412D00CFA161 /* sql.js in Sources */ = {isa = PBXBuildFile; fileRef = 32102E9817A9412D00CFA161 /* sql.js */; };
		32102ED817A9412D00CFA161 /* tex.js in Sources */ = {isa = PBXBuildFile; fileRef = 32102E9917A9412D00CFA161 /* tex.js */; };
		32102ED917A9412D00CFA161 /* vala.js in Sources */ = {isa = PBXBuildFile; fileRef = 32102E9A17A9412D00CFA161 /* vala.js */; };
		32102EDA17A9412D00CFA161 /* vbnet.js in Sources */ = {isa = PBXBuildFile; fileRef = 32102E9B17A9412D00CFA161 /* vbnet.js */; };
		32102EDB17A9412D00CFA161 /* vbscript.js in Sources */ = {isa = PBXBuildFile; fileRef = 32102E9C17A9412D00CFA161 /* vbscript.js */; };
		32102EDC17A9412D00CFA161 /* vhdl.js in Sources */ = {isa = PBXBuildFile; fileRef = 32102E9D17A9412D00CFA161 /* vhdl.js */; };
		32102EDD17A9412D00CFA161 /* xml.js in Sources */ = {isa = PBXBuildFile; fileRef = 32102E9E17A9412D00CFA161 /* xml.js */; };
		3260A15417A8845F008792E6 /* Helpers.m in Sources */ = {isa = PBXBuildFile; fileRef = 8F3AB94E1781C1250023348A /* Helpers.m */; };
		3260A15617A884EC008792E6 /* JLTokenizerTests.m in Sources */ = {isa = PBXBuildFile; fileRef = 3260A15517A884EC008792E6 /* JLTokenizerTests.m */; };
		8F3AB92A1781C0BA0023348A /* XCTest.framework in Frameworks */ = {isa = PBXBuildFile; fileRef = 8F3AB9291781C0BA0023348A /* XCTest.framework */; };
		8F3AB92B1781C0BB0023348A /* Foundation.framework in Frameworks */ = {isa = PBXBuildFile; fileRef = 8F3AB91B1781C0BA0023348A /* Foundation.framework */; };
		8F3AB92D1781C0BB0023348A /* UIKit.framework in Frameworks */ = {isa = PBXBuildFile; fileRef = 8F3AB92C1781C0BB0023348A /* UIKit.framework */; };
		8F3AB9301781C0BB0023348A /* libChromatism.a in Frameworks */ = {isa = PBXBuildFile; fileRef = 8F3AB9181781C0BA0023348A /* libChromatism.a */; };
		8F3AB9361781C0BB0023348A /* InfoPlist.strings in Resources */ = {isa = PBXBuildFile; fileRef = 8F3AB9341781C0BB0023348A /* InfoPlist.strings */; };
		8F3AB9381781C0BB0023348A /* ChromatismTests.m in Sources */ = {isa = PBXBuildFile; fileRef = 8F3AB9371781C0BB0023348A /* ChromatismTests.m */; };
		8F3AB9621781C26A0023348A /* UIKit.framework in Frameworks */ = {isa = PBXBuildFile; fileRef = 8F3AB9611781C26A0023348A /* UIKit.framework */; };
		8F54EF0E1781C776008C1609 /* Chromatism.h in Headers */ = {isa = PBXBuildFile; fileRef = 8F3AB9201781C0BA0023348A /* Chromatism.h */; settings = {ATTRIBUTES = (Public, ); }; };
		8F54EF101781C788008C1609 /* Helpers.h in Headers */ = {isa = PBXBuildFile; fileRef = 8F3AB94D1781C1250023348A /* Helpers.h */; settings = {ATTRIBUTES = (Public, ); }; };
		8F54EF111781C788008C1609 /* JLScope.h in Headers */ = {isa = PBXBuildFile; fileRef = 8F3AB94F1781C1250023348A /* JLScope.h */; settings = {ATTRIBUTES = (Public, ); }; };
		8F54EF131781C788008C1609 /* JLTextViewController.h in Headers */ = {isa = PBXBuildFile; fileRef = 8F3AB9531781C1250023348A /* JLTextViewController.h */; settings = {ATTRIBUTES = (Public, ); }; };
		8F54EF141781C788008C1609 /* JLTokenizer.h in Headers */ = {isa = PBXBuildFile; fileRef = 8F3AB9551781C1250023348A /* JLTokenizer.h */; settings = {ATTRIBUTES = (Public, ); }; };
		8F54EF151781C788008C1609 /* JLTokenPattern.h in Headers */ = {isa = PBXBuildFile; fileRef = 8F3AB9571781C1250023348A /* JLTokenPattern.h */; settings = {ATTRIBUTES = (Public, ); }; };
		8F54EF1E1781CD87008C1609 /* Chromatism.m in Sources */ = {isa = PBXBuildFile; fileRef = 8F3AB9221781C0BA0023348A /* Chromatism.m */; };
		8F54EF1F1781CD87008C1609 /* Helpers.m in Sources */ = {isa = PBXBuildFile; fileRef = 8F3AB94E1781C1250023348A /* Helpers.m */; };
		8F54EF201781CD87008C1609 /* JLScope.m in Sources */ = {isa = PBXBuildFile; fileRef = 8F3AB9501781C1250023348A /* JLScope.m */; };
		8F54EF221781CD87008C1609 /* JLTextViewController.m in Sources */ = {isa = PBXBuildFile; fileRef = 8F3AB9541781C1250023348A /* JLTextViewController.m */; };
		8F54EF231781CD87008C1609 /* JLTokenizer.m in Sources */ = {isa = PBXBuildFile; fileRef = 8F3AB9561781C1250023348A /* JLTokenizer.m */; };
		8F54EF241781CD87008C1609 /* JLTokenPattern.m in Sources */ = {isa = PBXBuildFile; fileRef = 8F3AB9581781C1250023348A /* JLTokenPattern.m */; };
		8FA091A41791E62600179325 /* JLMarkdownTokenizer.h in Headers */ = {isa = PBXBuildFile; fileRef = 8FA091A21791E62600179325 /* JLMarkdownTokenizer.h */; settings = {ATTRIBUTES = (Public, ); }; };
		8FA091A51791E62600179325 /* JLMarkdownTokenizer.m in Sources */ = {isa = PBXBuildFile; fileRef = 8FA091A31791E62600179325 /* JLMarkdownTokenizer.m */; };
		8FA091A81791E99900179325 /* NSMutableAttributedString+Mush.h in Headers */ = {isa = PBXBuildFile; fileRef = 8FA091A61791E99900179325 /* NSMutableAttributedString+Mush.h */; };
		8FA091A91791E99900179325 /* NSMutableAttributedString+Mush.m in Sources */ = {isa = PBXBuildFile; fileRef = 8FA091A71791E99900179325 /* NSMutableAttributedString+Mush.m */; };
		8FA0CB0F1795F41B00FF8EB1 /* JLTextView.h in Headers */ = {isa = PBXBuildFile; fileRef = 8FA0CB0D1795F41B00FF8EB1 /* JLTextView.h */; settings = {ATTRIBUTES = (Public, ); }; };
		8FA0CB101795F41B00FF8EB1 /* JLTextView.m in Sources */ = {isa = PBXBuildFile; fileRef = 8FA0CB0E1795F41B00FF8EB1 /* JLTextView.m */; };
/* End PBXBuildFile section */

/* Begin PBXContainerItemProxy section */
		8F3AB92E1781C0BB0023348A /* PBXContainerItemProxy */ = {
			isa = PBXContainerItemProxy;
			containerPortal = 8F3AB9101781C0BA0023348A /* Project object */;
			proxyType = 1;
			remoteGlobalIDString = 8F3AB9171781C0BA0023348A;
			remoteInfo = Chromatism;
		};
/* End PBXContainerItemProxy section */

/* Begin PBXFileReference section */
		32102E6017A9412D00CFA161 /* 1c.js */ = {isa = PBXFileReference; fileEncoding = 4; lastKnownFileType = sourcecode.javascript; path = 1c.js; sourceTree = "<group>"; };
		32102E6117A9412D00CFA161 /* actionscript.js */ = {isa = PBXFileReference; fileEncoding = 4; lastKnownFileType = sourcecode.javascript; path = actionscript.js; sourceTree = "<group>"; };
		32102E6217A9412D00CFA161 /* apache.js */ = {isa = PBXFileReference; fileEncoding = 4; lastKnownFileType = sourcecode.javascript; path = apache.js; sourceTree = "<group>"; };
		32102E6317A9412D00CFA161 /* applescript.js */ = {isa = PBXFileReference; fileEncoding = 4; lastKnownFileType = sourcecode.javascript; path = applescript.js; sourceTree = "<group>"; };
		32102E6417A9412D00CFA161 /* asciidoc.js */ = {isa = PBXFileReference; fileEncoding = 4; lastKnownFileType = sourcecode.javascript; path = asciidoc.js; sourceTree = "<group>"; };
		32102E6517A9412D00CFA161 /* avrasm.js */ = {isa = PBXFileReference; fileEncoding = 4; lastKnownFileType = sourcecode.javascript; path = avrasm.js; sourceTree = "<group>"; };
		32102E6617A9412D00CFA161 /* axapta.js */ = {isa = PBXFileReference; fileEncoding = 4; lastKnownFileType = sourcecode.javascript; path = axapta.js; sourceTree = "<group>"; };
		32102E6717A9412D00CFA161 /* bash.js */ = {isa = PBXFileReference; fileEncoding = 4; lastKnownFileType = sourcecode.javascript; path = bash.js; sourceTree = "<group>"; };
		32102E6817A9412D00CFA161 /* brainfuck.js */ = {isa = PBXFileReference; fileEncoding = 4; lastKnownFileType = sourcecode.javascript; path = brainfuck.js; sourceTree = "<group>"; };
		32102E6917A9412D00CFA161 /* clojure.js */ = {isa = PBXFileReference; fileEncoding = 4; lastKnownFileType = sourcecode.javascript; path = clojure.js; sourceTree = "<group>"; };
		32102E6A17A9412D00CFA161 /* cmake.js */ = {isa = PBXFileReference; fileEncoding = 4; lastKnownFileType = sourcecode.javascript; path = cmake.js; sourceTree = "<group>"; };
		32102E6B17A9412D00CFA161 /* coffeescript.js */ = {isa = PBXFileReference; fileEncoding = 4; lastKnownFileType = sourcecode.javascript; path = coffeescript.js; sourceTree = "<group>"; };
		32102E6C17A9412D00CFA161 /* cpp.js */ = {isa = PBXFileReference; fileEncoding = 4; lastKnownFileType = sourcecode.javascript; path = cpp.js; sourceTree = "<group>"; };
		32102E6D17A9412D00CFA161 /* cs.js */ = {isa = PBXFileReference; fileEncoding = 4; lastKnownFileType = sourcecode.javascript; path = cs.js; sourceTree = "<group>"; };
		32102E6E17A9412D00CFA161 /* css.js */ = {isa = PBXFileReference; fileEncoding = 4; lastKnownFileType = sourcecode.javascript; path = css.js; sourceTree = "<group>"; };
		32102E6F17A9412D00CFA161 /* d.js */ = {isa = PBXFileReference; fileEncoding = 4; lastKnownFileType = sourcecode.javascript; path = d.js; sourceTree = "<group>"; };
		32102E7017A9412D00CFA161 /* delphi.js */ = {isa = PBXFileReference; fileEncoding = 4; lastKnownFileType = sourcecode.javascript; path = delphi.js; sourceTree = "<group>"; };
		32102E7117A9412D00CFA161 /* diff.js */ = {isa = PBXFileReference; fileEncoding = 4; lastKnownFileType = sourcecode.javascript; path = diff.js; sourceTree = "<group>"; };
		32102E7217A9412D00CFA161 /* django.js */ = {isa = PBXFileReference; fileEncoding = 4; lastKnownFileType = sourcecode.javascript; path = django.js; sourceTree = "<group>"; };
		32102E7317A9412D00CFA161 /* dos.js */ = {isa = PBXFileReference; fileEncoding = 4; lastKnownFileType = sourcecode.javascript; path = dos.js; sourceTree = "<group>"; };
		32102E7417A9412D00CFA161 /* erlang-repl.js */ = {isa = PBXFileReference; fileEncoding = 4; lastKnownFileType = sourcecode.javascript; path = "erlang-repl.js"; sourceTree = "<group>"; };
		32102E7517A9412D00CFA161 /* erlang.js */ = {isa = PBXFileReference; fileEncoding = 4; lastKnownFileType = sourcecode.javascript; path = erlang.js; sourceTree = "<group>"; };
		32102E7617A9412D00CFA161 /* fsharp.js */ = {isa = PBXFileReference; fileEncoding = 4; lastKnownFileType = sourcecode.javascript; path = fsharp.js; sourceTree = "<group>"; };
		32102E7717A9412D00CFA161 /* glsl.js */ = {isa = PBXFileReference; fileEncoding = 4; lastKnownFileType = sourcecode.javascript; path = glsl.js; sourceTree = "<group>"; };
		32102E7817A9412D00CFA161 /* go.js */ = {isa = PBXFileReference; fileEncoding = 4; lastKnownFileType = sourcecode.javascript; path = go.js; sourceTree = "<group>"; };
		32102E7917A9412D00CFA161 /* haml.js */ = {isa = PBXFileReference; fileEncoding = 4; lastKnownFileType = sourcecode.javascript; path = haml.js; sourceTree = "<group>"; };
		32102E7A17A9412D00CFA161 /* handlebars.js */ = {isa = PBXFileReference; fileEncoding = 4; lastKnownFileType = sourcecode.javascript; path = handlebars.js; sourceTree = "<group>"; };
		32102E7B17A9412D00CFA161 /* haskell.js */ = {isa = PBXFileReference; fileEncoding = 4; lastKnownFileType = sourcecode.javascript; path = haskell.js; sourceTree = "<group>"; };
		32102E7C17A9412D00CFA161 /* http.js */ = {isa = PBXFileReference; fileEncoding = 4; lastKnownFileType = sourcecode.javascript; path = http.js; sourceTree = "<group>"; };
		32102E7D17A9412D00CFA161 /* ini.js */ = {isa = PBXFileReference; fileEncoding = 4; lastKnownFileType = sourcecode.javascript; path = ini.js; sourceTree = "<group>"; };
		32102E7E17A9412D00CFA161 /* java.js */ = {isa = PBXFileReference; fileEncoding = 4; lastKnownFileType = sourcecode.javascript; path = java.js; sourceTree = "<group>"; };
		32102E7F17A9412D00CFA161 /* javascript.js */ = {isa = PBXFileReference; fileEncoding = 4; lastKnownFileType = sourcecode.javascript; path = javascript.js; sourceTree = "<group>"; };
		32102E8017A9412D00CFA161 /* json.js */ = {isa = PBXFileReference; fileEncoding = 4; lastKnownFileType = sourcecode.javascript; path = json.js; sourceTree = "<group>"; };
		32102E8117A9412D00CFA161 /* lasso.js */ = {isa = PBXFileReference; fileEncoding = 4; lastKnownFileType = sourcecode.javascript; path = lasso.js; sourceTree = "<group>"; };
		32102E8217A9412D00CFA161 /* lisp.js */ = {isa = PBXFileReference; fileEncoding = 4; lastKnownFileType = sourcecode.javascript; path = lisp.js; sourceTree = "<group>"; };
		32102E8317A9412D00CFA161 /* lua.js */ = {isa = PBXFileReference; fileEncoding = 4; lastKnownFileType = sourcecode.javascript; path = lua.js; sourceTree = "<group>"; };
		32102E8417A9412D00CFA161 /* markdown.js */ = {isa = PBXFileReference; fileEncoding = 4; lastKnownFileType = sourcecode.javascript; path = markdown.js; sourceTree = "<group>"; };
		32102E8517A9412D00CFA161 /* matlab.js */ = {isa = PBXFileReference; fileEncoding = 4; lastKnownFileType = sourcecode.javascript; path = matlab.js; sourceTree = "<group>"; };
		32102E8617A9412D00CFA161 /* mel.js */ = {isa = PBXFileReference; fileEncoding = 4; lastKnownFileType = sourcecode.javascript; path = mel.js; sourceTree = "<group>"; };
		32102E8717A9412D00CFA161 /* mizar.js */ = {isa = PBXFileReference; fileEncoding = 4; lastKnownFileType = sourcecode.javascript; path = mizar.js; sourceTree = "<group>"; };
		32102E8817A9412D00CFA161 /* nginx.js */ = {isa = PBXFileReference; fileEncoding = 4; lastKnownFileType = sourcecode.javascript; path = nginx.js; sourceTree = "<group>"; };
		32102E8917A9412D00CFA161 /* objectivec.js */ = {isa = PBXFileReference; fileEncoding = 4; lastKnownFileType = sourcecode.javascript; path = objectivec.js; sourceTree = "<group>"; };
		32102E8A17A9412D00CFA161 /* parser3.js */ = {isa = PBXFileReference; fileEncoding = 4; lastKnownFileType = sourcecode.javascript; path = parser3.js; sourceTree = "<group>"; };
		32102E8B17A9412D00CFA161 /* perl.js */ = {isa = PBXFileReference; fileEncoding = 4; lastKnownFileType = sourcecode.javascript; path = perl.js; sourceTree = "<group>"; };
		32102E8C17A9412D00CFA161 /* php.js */ = {isa = PBXFileReference; fileEncoding = 4; lastKnownFileType = sourcecode.javascript; path = php.js; sourceTree = "<group>"; };
		32102E8D17A9412D00CFA161 /* profile.js */ = {isa = PBXFileReference; fileEncoding = 4; lastKnownFileType = sourcecode.javascript; path = profile.js; sourceTree = "<group>"; };
		32102E8E17A9412D00CFA161 /* python.js */ = {isa = PBXFileReference; fileEncoding = 4; lastKnownFileType = sourcecode.javascript; path = python.js; sourceTree = "<group>"; };
		32102E8F17A9412D00CFA161 /* r.js */ = {isa = PBXFileReference; fileEncoding = 4; lastKnownFileType = sourcecode.javascript; path = r.js; sourceTree = "<group>"; };
		32102E9017A9412D00CFA161 /* rib.js */ = {isa = PBXFileReference; fileEncoding = 4; lastKnownFileType = sourcecode.javascript; path = rib.js; sourceTree = "<group>"; };
		32102E9117A9412D00CFA161 /* rsl.js */ = {isa = PBXFileReference; fileEncoding = 4; lastKnownFileType = sourcecode.javascript; path = rsl.js; sourceTree = "<group>"; };
		32102E9217A9412D00CFA161 /* ruby.js */ = {isa = PBXFileReference; fileEncoding = 4; lastKnownFileType = sourcecode.javascript; path = ruby.js; sourceTree = "<group>"; };
		32102E9317A9412D00CFA161 /* ruleslanguage.js */ = {isa = PBXFileReference; fileEncoding = 4; lastKnownFileType = sourcecode.javascript; path = ruleslanguage.js; sourceTree = "<group>"; };
		32102E9417A9412D00CFA161 /* rust.js */ = {isa = PBXFileReference; fileEncoding = 4; lastKnownFileType = sourcecode.javascript; path = rust.js; sourceTree = "<group>"; };
		32102E9517A9412D00CFA161 /* scala.js */ = {isa = PBXFileReference; fileEncoding = 4; lastKnownFileType = sourcecode.javascript; path = scala.js; sourceTree = "<group>"; };
		32102E9617A9412D00CFA161 /* scss.js */ = {isa = PBXFileReference; fileEncoding = 4; lastKnownFileType = sourcecode.javascript; path = scss.js; sourceTree = "<group>"; };
		32102E9717A9412D00CFA161 /* smalltalk.js */ = {isa = PBXFileReference; fileEncoding = 4; lastKnownFileType = sourcecode.javascript; path = smalltalk.js; sourceTree = "<group>"; };
		32102E9817A9412D00CFA161 /* sql.js */ = {isa = PBXFileReference; fileEncoding = 4; lastKnownFileType = sourcecode.javascript; path = sql.js; sourceTree = "<group>"; };
		32102E9917A9412D00CFA161 /* tex.js */ = {isa = PBXFileReference; fileEncoding = 4; lastKnownFileType = sourcecode.javascript; path = tex.js; sourceTree = "<group>"; };
		32102E9A17A9412D00CFA161 /* vala.js */ = {isa = PBXFileReference; fileEncoding = 4; lastKnownFileType = sourcecode.javascript; path = vala.js; sourceTree = "<group>"; };
		32102E9B17A9412D00CFA161 /* vbnet.js */ = {isa = PBXFileReference; fileEncoding = 4; lastKnownFileType = sourcecode.javascript; path = vbnet.js; sourceTree = "<group>"; };
		32102E9C17A9412D00CFA161 /* vbscript.js */ = {isa = PBXFileReference; fileEncoding = 4; lastKnownFileType = sourcecode.javascript; path = vbscript.js; sourceTree = "<group>"; };
		32102E9D17A9412D00CFA161 /* vhdl.js */ = {isa = PBXFileReference; fileEncoding = 4; lastKnownFileType = sourcecode.javascript; path = vhdl.js; sourceTree = "<group>"; };
		32102E9E17A9412D00CFA161 /* xml.js */ = {isa = PBXFileReference; fileEncoding = 4; lastKnownFileType = sourcecode.javascript; path = xml.js; sourceTree = "<group>"; };
		3260A15517A884EC008792E6 /* JLTokenizerTests.m */ = {isa = PBXFileReference; fileEncoding = 4; lastKnownFileType = sourcecode.c.objc; path = JLTokenizerTests.m; sourceTree = "<group>"; };
		8F3AB9181781C0BA0023348A /* libChromatism.a */ = {isa = PBXFileReference; explicitFileType = archive.ar; includeInIndex = 0; path = libChromatism.a; sourceTree = BUILT_PRODUCTS_DIR; };
		8F3AB91B1781C0BA0023348A /* Foundation.framework */ = {isa = PBXFileReference; lastKnownFileType = wrapper.framework; name = Foundation.framework; path = System/Library/Frameworks/Foundation.framework; sourceTree = SDKROOT; };
		8F3AB91F1781C0BA0023348A /* Chromatism-Prefix.pch */ = {isa = PBXFileReference; lastKnownFileType = sourcecode.c.h; path = "Chromatism-Prefix.pch"; sourceTree = "<group>"; };
		8F3AB9201781C0BA0023348A /* Chromatism.h */ = {isa = PBXFileReference; lastKnownFileType = sourcecode.c.h; path = Chromatism.h; sourceTree = "<group>"; };
		8F3AB9221781C0BA0023348A /* Chromatism.m */ = {isa = PBXFileReference; lastKnownFileType = sourcecode.c.objc; path = Chromatism.m; sourceTree = "<group>"; };
		8F3AB9281781C0BA0023348A /* ChromatismTests.xctest */ = {isa = PBXFileReference; explicitFileType = wrapper.cfbundle; includeInIndex = 0; path = ChromatismTests.xctest; sourceTree = BUILT_PRODUCTS_DIR; };
		8F3AB9291781C0BA0023348A /* XCTest.framework */ = {isa = PBXFileReference; lastKnownFileType = wrapper.framework; name = XCTest.framework; path = Library/Frameworks/XCTest.framework; sourceTree = DEVELOPER_DIR; };
		8F3AB92C1781C0BB0023348A /* UIKit.framework */ = {isa = PBXFileReference; lastKnownFileType = wrapper.framework; name = UIKit.framework; path = Library/Frameworks/UIKit.framework; sourceTree = DEVELOPER_DIR; };
		8F3AB9331781C0BB0023348A /* ChromatismTests-Info.plist */ = {isa = PBXFileReference; lastKnownFileType = text.plist.xml; path = "ChromatismTests-Info.plist"; sourceTree = "<group>"; };
		8F3AB9351781C0BB0023348A /* en */ = {isa = PBXFileReference; lastKnownFileType = text.plist.strings; name = en; path = en.lproj/InfoPlist.strings; sourceTree = "<group>"; };
		8F3AB9371781C0BB0023348A /* ChromatismTests.m */ = {isa = PBXFileReference; lastKnownFileType = sourcecode.c.objc; path = ChromatismTests.m; sourceTree = "<group>"; };
		8F3AB94D1781C1250023348A /* Helpers.h */ = {isa = PBXFileReference; fileEncoding = 4; lastKnownFileType = sourcecode.c.h; path = Helpers.h; sourceTree = "<group>"; };
		8F3AB94E1781C1250023348A /* Helpers.m */ = {isa = PBXFileReference; fileEncoding = 4; lastKnownFileType = sourcecode.c.objc; path = Helpers.m; sourceTree = "<group>"; };
		8F3AB94F1781C1250023348A /* JLScope.h */ = {isa = PBXFileReference; fileEncoding = 4; lastKnownFileType = sourcecode.c.h; path = JLScope.h; sourceTree = "<group>"; };
		8F3AB9501781C1250023348A /* JLScope.m */ = {isa = PBXFileReference; fileEncoding = 4; lastKnownFileType = sourcecode.c.objc; path = JLScope.m; sourceTree = "<group>"; };
		8F3AB9531781C1250023348A /* JLTextViewController.h */ = {isa = PBXFileReference; fileEncoding = 4; lastKnownFileType = sourcecode.c.h; path = JLTextViewController.h; sourceTree = "<group>"; };
		8F3AB9541781C1250023348A /* JLTextViewController.m */ = {isa = PBXFileReference; fileEncoding = 4; lastKnownFileType = sourcecode.c.objc; path = JLTextViewController.m; sourceTree = "<group>"; };
		8F3AB9551781C1250023348A /* JLTokenizer.h */ = {isa = PBXFileReference; fileEncoding = 4; lastKnownFileType = sourcecode.c.h; path = JLTokenizer.h; sourceTree = "<group>"; };
		8F3AB9561781C1250023348A /* JLTokenizer.m */ = {isa = PBXFileReference; fileEncoding = 4; lastKnownFileType = sourcecode.c.objc; path = JLTokenizer.m; sourceTree = "<group>"; };
		8F3AB9571781C1250023348A /* JLTokenPattern.h */ = {isa = PBXFileReference; fileEncoding = 4; lastKnownFileType = sourcecode.c.h; path = JLTokenPattern.h; sourceTree = "<group>"; };
		8F3AB9581781C1250023348A /* JLTokenPattern.m */ = {isa = PBXFileReference; fileEncoding = 4; lastKnownFileType = sourcecode.c.objc; path = JLTokenPattern.m; sourceTree = "<group>"; };
		8F3AB95F1781C12F0023348A /* test.json */ = {isa = PBXFileReference; fileEncoding = 4; lastKnownFileType = text.json; path = test.json; sourceTree = "<group>"; };
		8F3AB9611781C26A0023348A /* UIKit.framework */ = {isa = PBXFileReference; lastKnownFileType = wrapper.framework; name = UIKit.framework; path = System/Library/Frameworks/UIKit.framework; sourceTree = SDKROOT; };
		8FA091A21791E62600179325 /* JLMarkdownTokenizer.h */ = {isa = PBXFileReference; fileEncoding = 4; lastKnownFileType = sourcecode.c.h; path = JLMarkdownTokenizer.h; sourceTree = "<group>"; };
		8FA091A31791E62600179325 /* JLMarkdownTokenizer.m */ = {isa = PBXFileReference; fileEncoding = 4; lastKnownFileType = sourcecode.c.objc; path = JLMarkdownTokenizer.m; sourceTree = "<group>"; };
		8FA091A61791E99900179325 /* NSMutableAttributedString+Mush.h */ = {isa = PBXFileReference; fileEncoding = 4; lastKnownFileType = sourcecode.c.h; path = "NSMutableAttributedString+Mush.h"; sourceTree = "<group>"; };
		8FA091A71791E99900179325 /* NSMutableAttributedString+Mush.m */ = {isa = PBXFileReference; fileEncoding = 4; lastKnownFileType = sourcecode.c.objc; path = "NSMutableAttributedString+Mush.m"; sourceTree = "<group>"; };
		8FA0CB0D1795F41B00FF8EB1 /* JLTextView.h */ = {isa = PBXFileReference; fileEncoding = 4; lastKnownFileType = sourcecode.c.h; path = JLTextView.h; sourceTree = "<group>"; };
		8FA0CB0E1795F41B00FF8EB1 /* JLTextView.m */ = {isa = PBXFileReference; fileEncoding = 4; lastKnownFileType = sourcecode.c.objc; path = JLTextView.m; sourceTree = "<group>"; };
/* End PBXFileReference section */

/* Begin PBXFrameworksBuildPhase section */
		8F3AB9151781C0BA0023348A /* Frameworks */ = {
			isa = PBXFrameworksBuildPhase;
			buildActionMask = 2147483647;
			files = (
				8F3AB9621781C26A0023348A /* UIKit.framework in Frameworks */,
			);
			runOnlyForDeploymentPostprocessing = 0;
		};
		8F3AB9251781C0BA0023348A /* Frameworks */ = {
			isa = PBXFrameworksBuildPhase;
			buildActionMask = 2147483647;
			files = (
				8F3AB9301781C0BB0023348A /* libChromatism.a in Frameworks */,
				8F3AB92A1781C0BA0023348A /* XCTest.framework in Frameworks */,
				8F3AB92D1781C0BB0023348A /* UIKit.framework in Frameworks */,
				8F3AB92B1781C0BB0023348A /* Foundation.framework in Frameworks */,
			);
			runOnlyForDeploymentPostprocessing = 0;
		};
/* End PBXFrameworksBuildPhase section */

/* Begin PBXGroup section */
		32102E5F17A9412D00CFA161 /* languages */ = {
			isa = PBXGroup;
			children = (
				32102E6017A9412D00CFA161 /* 1c.js */,
				32102E6117A9412D00CFA161 /* actionscript.js */,
				32102E6217A9412D00CFA161 /* apache.js */,
				32102E6317A9412D00CFA161 /* applescript.js */,
				32102E6417A9412D00CFA161 /* asciidoc.js */,
				32102E6517A9412D00CFA161 /* avrasm.js */,
				32102E6617A9412D00CFA161 /* axapta.js */,
				32102E6717A9412D00CFA161 /* bash.js */,
				32102E6817A9412D00CFA161 /* brainfuck.js */,
				32102E6917A9412D00CFA161 /* clojure.js */,
				32102E6A17A9412D00CFA161 /* cmake.js */,
				32102E6B17A9412D00CFA161 /* coffeescript.js */,
				32102E6C17A9412D00CFA161 /* cpp.js */,
				32102E6D17A9412D00CFA161 /* cs.js */,
				32102E6E17A9412D00CFA161 /* css.js */,
				32102E6F17A9412D00CFA161 /* d.js */,
				32102E7017A9412D00CFA161 /* delphi.js */,
				32102E7117A9412D00CFA161 /* diff.js */,
				32102E7217A9412D00CFA161 /* django.js */,
				32102E7317A9412D00CFA161 /* dos.js */,
				32102E7417A9412D00CFA161 /* erlang-repl.js */,
				32102E7517A9412D00CFA161 /* erlang.js */,
				32102E7617A9412D00CFA161 /* fsharp.js */,
				32102E7717A9412D00CFA161 /* glsl.js */,
				32102E7817A9412D00CFA161 /* go.js */,
				32102E7917A9412D00CFA161 /* haml.js */,
				32102E7A17A9412D00CFA161 /* handlebars.js */,
				32102E7B17A9412D00CFA161 /* haskell.js */,
				32102E7C17A9412D00CFA161 /* http.js */,
				32102E7D17A9412D00CFA161 /* ini.js */,
				32102E7E17A9412D00CFA161 /* java.js */,
				32102E7F17A9412D00CFA161 /* javascript.js */,
				32102E8017A9412D00CFA161 /* json.js */,
				32102E8117A9412D00CFA161 /* lasso.js */,
				32102E8217A9412D00CFA161 /* lisp.js */,
				32102E8317A9412D00CFA161 /* lua.js */,
				32102E8417A9412D00CFA161 /* markdown.js */,
				32102E8517A9412D00CFA161 /* matlab.js */,
				32102E8617A9412D00CFA161 /* mel.js */,
				32102E8717A9412D00CFA161 /* mizar.js */,
				32102E8817A9412D00CFA161 /* nginx.js */,
				32102E8917A9412D00CFA161 /* objectivec.js */,
				32102E8A17A9412D00CFA161 /* parser3.js */,
				32102E8B17A9412D00CFA161 /* perl.js */,
				32102E8C17A9412D00CFA161 /* php.js */,
				32102E8D17A9412D00CFA161 /* profile.js */,
				32102E8E17A9412D00CFA161 /* python.js */,
				32102E8F17A9412D00CFA161 /* r.js */,
				32102E9017A9412D00CFA161 /* rib.js */,
				32102E9117A9412D00CFA161 /* rsl.js */,
				32102E9217A9412D00CFA161 /* ruby.js */,
				32102E9317A9412D00CFA161 /* ruleslanguage.js */,
				32102E9417A9412D00CFA161 /* rust.js */,
				32102E9517A9412D00CFA161 /* scala.js */,
				32102E9617A9412D00CFA161 /* scss.js */,
				32102E9717A9412D00CFA161 /* smalltalk.js */,
				32102E9817A9412D00CFA161 /* sql.js */,
				32102E9917A9412D00CFA161 /* tex.js */,
				32102E9A17A9412D00CFA161 /* vala.js */,
				32102E9B17A9412D00CFA161 /* vbnet.js */,
				32102E9C17A9412D00CFA161 /* vbscript.js */,
				32102E9D17A9412D00CFA161 /* vhdl.js */,
				32102E9E17A9412D00CFA161 /* xml.js */,
			);
			name = languages;
			path = ../../highlightJS/src/languages;
			sourceTree = "<group>";
		};
		8F3AB90F1781C0BA0023348A = {
			isa = PBXGroup;
			children = (
				8F3AB91D1781C0BA0023348A /* Chromatism */,
				8F3AB9311781C0BB0023348A /* ChromatismTests */,
				8F3AB91A1781C0BA0023348A /* Frameworks */,
				8F3AB9191781C0BA0023348A /* Products */,
			);
			sourceTree = "<group>";
		};
		8F3AB9191781C0BA0023348A /* Products */ = {
			isa = PBXGroup;
			children = (
				8F3AB9181781C0BA0023348A /* libChromatism.a */,
				8F3AB9281781C0BA0023348A /* ChromatismTests.xctest */,
			);
			name = Products;
			sourceTree = "<group>";
		};
		8F3AB91A1781C0BA0023348A /* Frameworks */ = {
			isa = PBXGroup;
			children = (
				8F3AB9611781C26A0023348A /* UIKit.framework */,
				8F3AB91B1781C0BA0023348A /* Foundation.framework */,
				8F3AB9291781C0BA0023348A /* XCTest.framework */,
				8F3AB92C1781C0BB0023348A /* UIKit.framework */,
			);
			name = Frameworks;
			sourceTree = "<group>";
		};
		8F3AB91D1781C0BA0023348A /* Chromatism */ = {
			isa = PBXGroup;
			children = (
				8F3AB9201781C0BA0023348A /* Chromatism.h */,
				32102EE017A948F900CFA161 /* Chromatism+Internal.h */,
				8F3AB9221781C0BA0023348A /* Chromatism.m */,
				8F3AB9551781C1250023348A /* JLTokenizer.h */,
				8F3AB9561781C1250023348A /* JLTokenizer.m */,
				8FA091A21791E62600179325 /* JLMarkdownTokenizer.h */,
				8FA091A31791E62600179325 /* JLMarkdownTokenizer.m */,
				8F3AB9531781C1250023348A /* JLTextViewController.h */,
				8F3AB9541781C1250023348A /* JLTextViewController.m */,
				8FA0CB0D1795F41B00FF8EB1 /* JLTextView.h */,
				8FA0CB0E1795F41B00FF8EB1 /* JLTextView.m */,
				8FA091A61791E99900179325 /* NSMutableAttributedString+Mush.h */,
				8FA091A71791E99900179325 /* NSMutableAttributedString+Mush.m */,
				8F3AB94D1781C1250023348A /* Helpers.h */,
				8F3AB94E1781C1250023348A /* Helpers.m */,
				8F3AB94F1781C1250023348A /* JLScope.h */,
				8F3AB9501781C1250023348A /* JLScope.m */,
				8F3AB9571781C1250023348A /* JLTokenPattern.h */,
				8F3AB9581781C1250023348A /* JLTokenPattern.m */,
				32102E5F17A9412D00CFA161 /* languages */,
				8F3AB91E1781C0BA0023348A /* Supporting Files */,
			);
			path = Chromatism;
			sourceTree = "<group>";
		};
		8F3AB91E1781C0BA0023348A /* Supporting Files */ = {
			isa = PBXGroup;
			children = (
				8F3AB95F1781C12F0023348A /* test.json */,
				8F3AB91F1781C0BA0023348A /* Chromatism-Prefix.pch */,
			);
			name = "Supporting Files";
			sourceTree = "<group>";
		};
		8F3AB9311781C0BB0023348A /* ChromatismTests */ = {
			isa = PBXGroup;
			children = (
				3260A15517A884EC008792E6 /* JLTokenizerTests.m */,
				8F3AB9371781C0BB0023348A /* ChromatismTests.m */,
				8F3AB9321781C0BB0023348A /* Supporting Files */,
			);
			path = ChromatismTests;
			sourceTree = "<group>";
		};
		8F3AB9321781C0BB0023348A /* Supporting Files */ = {
			isa = PBXGroup;
			children = (
				32102EEB17A95E2900CFA161 /* demo.txt */,
				32102EEC17A95E2900CFA161 /* description.txt */,
				8F3AB9331781C0BB0023348A /* ChromatismTests-Info.plist */,
				8F3AB9341781C0BB0023348A /* InfoPlist.strings */,
			);
			name = "Supporting Files";
			sourceTree = "<group>";
		};
/* End PBXGroup section */

/* Begin PBXHeadersBuildPhase section */
		8F54EF0D1781C769008C1609 /* Headers */ = {
			isa = PBXHeadersBuildPhase;
			buildActionMask = 2147483647;
			files = (
				32102EE117A948F900CFA161 /* Chromatism+Internal.h in Headers */,
				8FA091A81791E99900179325 /* NSMutableAttributedString+Mush.h in Headers */,
				8FA0CB0F1795F41B00FF8EB1 /* JLTextView.h in Headers */,
				8F54EF0E1781C776008C1609 /* Chromatism.h in Headers */,
				8F54EF101781C788008C1609 /* Helpers.h in Headers */,
				8F54EF111781C788008C1609 /* JLScope.h in Headers */,
				8F54EF131781C788008C1609 /* JLTextViewController.h in Headers */,
				8F54EF141781C788008C1609 /* JLTokenizer.h in Headers */,
				8FA091A41791E62600179325 /* JLMarkdownTokenizer.h in Headers */,
				8F54EF151781C788008C1609 /* JLTokenPattern.h in Headers */,
			);
			runOnlyForDeploymentPostprocessing = 0;
		};
/* End PBXHeadersBuildPhase section */

/* Begin PBXNativeTarget section */
		8F3AB9171781C0BA0023348A /* Chromatism */ = {
			isa = PBXNativeTarget;
			buildConfigurationList = 8F3AB93B1781C0BB0023348A /* Build configuration list for PBXNativeTarget "Chromatism" */;
			buildPhases = (
				8F3AB9141781C0BA0023348A /* Sources */,
				8F3AB9151781C0BA0023348A /* Frameworks */,
				8F54EF0D1781C769008C1609 /* Headers */,
			);
			buildRules = (
			);
			dependencies = (
			);
			name = Chromatism;
			productName = Chromatism;
			productReference = 8F3AB9181781C0BA0023348A /* libChromatism.a */;
			productType = "com.apple.product-type.library.static";
		};
		8F3AB9271781C0BA0023348A /* ChromatismTests */ = {
			isa = PBXNativeTarget;
			buildConfigurationList = 8F3AB93E1781C0BB0023348A /* Build configuration list for PBXNativeTarget "ChromatismTests" */;
			buildPhases = (
				8F3AB9241781C0BA0023348A /* Sources */,
				8F3AB9251781C0BA0023348A /* Frameworks */,
				8F3AB9261781C0BA0023348A /* Resources */,
			);
			buildRules = (
			);
			dependencies = (
				8F3AB92F1781C0BB0023348A /* PBXTargetDependency */,
			);
			name = ChromatismTests;
			productName = ChromatismTests;
			productReference = 8F3AB9281781C0BA0023348A /* ChromatismTests.xctest */;
			productType = "com.apple.product-type.bundle.unit-test";
		};
/* End PBXNativeTarget section */

/* Begin PBXProject section */
		8F3AB9101781C0BA0023348A /* Project object */ = {
			isa = PBXProject;
			attributes = {
				LastUpgradeCheck = 0500;
				ORGANIZATIONNAME = Anviking;
			};
			buildConfigurationList = 8F3AB9131781C0BA0023348A /* Build configuration list for PBXProject "Chromatism" */;
			compatibilityVersion = "Xcode 3.2";
			developmentRegion = English;
			hasScannedForEncodings = 0;
			knownRegions = (
				en,
			);
			mainGroup = 8F3AB90F1781C0BA0023348A;
			productRefGroup = 8F3AB9191781C0BA0023348A /* Products */;
			projectDirPath = "";
			projectRoot = "";
			targets = (
				8F3AB9171781C0BA0023348A /* Chromatism */,
				8F3AB9271781C0BA0023348A /* ChromatismTests */,
			);
		};
/* End PBXProject section */

/* Begin PBXResourcesBuildPhase section */
		8F3AB9261781C0BA0023348A /* Resources */ = {
			isa = PBXResourcesBuildPhase;
			buildActionMask = 2147483647;
			files = (
				8F3AB9361781C0BB0023348A /* InfoPlist.strings in Resources */,
				32102EEE17A95E2900CFA161 /* description.txt in Resources */,
				32102EED17A95E2900CFA161 /* demo.txt in Resources */,
			);
			runOnlyForDeploymentPostprocessing = 0;
		};
/* End PBXResourcesBuildPhase section */

/* Begin PBXSourcesBuildPhase section */
		8F3AB9141781C0BA0023348A /* Sources */ = {
			isa = PBXSourcesBuildPhase;
			buildActionMask = 2147483647;
			files = (
				32102EBC17A9412D00CFA161 /* ini.js in Sources */,
				8FA091A91791E99900179325 /* NSMutableAttributedString+Mush.m in Sources */,
				32102ECE17A9412D00CFA161 /* r.js in Sources */,
				32102EA317A9412D00CFA161 /* asciidoc.js in Sources */,
				32102ECF17A9412D00CFA161 /* rib.js in Sources */,
				32102EC817A9412D00CFA161 /* objectivec.js in Sources */,
				32102EAE17A9412D00CFA161 /* d.js in Sources */,
				32102EAD17A9412D00CFA161 /* css.js in Sources */,
				32102EC617A9412D00CFA161 /* mizar.js in Sources */,
				32102EA717A9412D00CFA161 /* brainfuck.js in Sources */,
				32102EDD17A9412D00CFA161 /* xml.js in Sources */,
				32102EA817A9412D00CFA161 /* clojure.js in Sources */,
				32102EDA17A9412D00CFA161 /* vbnet.js in Sources */,
				32102EB317A9412D00CFA161 /* erlang-repl.js in Sources */,
				32102EB017A9412D00CFA161 /* diff.js in Sources */,
				32102ED717A9412D00CFA161 /* sql.js in Sources */,
				32102ECB17A9412D00CFA161 /* php.js in Sources */,
				32102ED517A9412D00CFA161 /* scss.js in Sources */,
				8F54EF241781CD87008C1609 /* JLTokenPattern.m in Sources */,
				32102ED817A9412D00CFA161 /* tex.js in Sources */,
				32102EDB17A9412D00CFA161 /* vbscript.js in Sources */,
				32102EBE17A9412D00CFA161 /* javascript.js in Sources */,
				32102EC317A9412D00CFA161 /* markdown.js in Sources */,
				32102EAC17A9412D00CFA161 /* cs.js in Sources */,
				32102EA517A9412D00CFA161 /* axapta.js in Sources */,
				32102EBD17A9412D00CFA161 /* java.js in Sources */,
				32102EA017A9412D00CFA161 /* actionscript.js in Sources */,
				32102EBB17A9412D00CFA161 /* http.js in Sources */,
				8F54EF201781CD87008C1609 /* JLScope.m in Sources */,
				8FA091A51791E62600179325 /* JLMarkdownTokenizer.m in Sources */,
				32102EBF17A9412D00CFA161 /* json.js in Sources */,
				32102ED417A9412D00CFA161 /* scala.js in Sources */,
				32102ED617A9412D00CFA161 /* smalltalk.js in Sources */,
				8FA0CB101795F41B00FF8EB1 /* JLTextView.m in Sources */,
				8F54EF1F1781CD87008C1609 /* Helpers.m in Sources */,
				32102EB917A9412D00CFA161 /* handlebars.js in Sources */,
				32102EC117A9412D00CFA161 /* lisp.js in Sources */,
				32102EB717A9412D00CFA161 /* go.js in Sources */,
				32102EB117A9412D00CFA161 /* django.js in Sources */,
				32102E9F17A9412D00CFA161 /* 1c.js in Sources */,
				32102ECD17A9412D00CFA161 /* python.js in Sources */,
				8F54EF221781CD87008C1609 /* JLTextViewController.m in Sources */,
				8F54EF231781CD87008C1609 /* JLTokenizer.m in Sources */,
				32102ECC17A9412D00CFA161 /* profile.js in Sources */,
				32102EA217A9412D00CFA161 /* applescript.js in Sources */,
				32102EB217A9412D00CFA161 /* dos.js in Sources */,
				32102EC517A9412D00CFA161 /* mel.js in Sources */,
				32102EC217A9412D00CFA161 /* lua.js in Sources */,
				32102EAA17A9412D00CFA161 /* coffeescript.js in Sources */,
				32102EC717A9412D00CFA161 /* nginx.js in Sources */,
				32102EC917A9412D00CFA161 /* parser3.js in Sources */,
				32102EC417A9412D00CFA161 /* matlab.js in Sources */,
				32102EC017A9412D00CFA161 /* lasso.js in Sources */,
				32102EBA17A9412D00CFA161 /* haskell.js in Sources */,
				32102EA617A9412D00CFA161 /* bash.js in Sources */,
				32102EDC17A9412D00CFA161 /* vhdl.js in Sources */,
				32102ED017A9412D00CFA161 /* rsl.js in Sources */,
				32102ED117A9412D00CFA161 /* ruby.js in Sources */,
				32102EB517A9412D00CFA161 /* fsharp.js in Sources */,
				32102ED317A9412D00CFA161 /* rust.js in Sources */,
				32102EB817A9412D00CFA161 /* haml.js in Sources */,
				32102EA917A9412D00CFA161 /* cmake.js in Sources */,
				32102ECA17A9412D00CFA161 /* perl.js in Sources */,
				32102EAB17A9412D00CFA161 /* cpp.js in Sources */,
				32102EB617A9412D00CFA161 /* glsl.js in Sources */,
				32102EAF17A9412D00CFA161 /* delphi.js in Sources */,
				32102ED217A9412D00CFA161 /* ruleslanguage.js in Sources */,
				32102EA117A9412D00CFA161 /* apache.js in Sources */,
				32102EA417A9412D00CFA161 /* avrasm.js in Sources */,
				8F54EF1E1781CD87008C1609 /* Chromatism.m in Sources */,
				32102ED917A9412D00CFA161 /* vala.js in Sources */,
				32102EB417A9412D00CFA161 /* erlang.js in Sources */,
			);
			runOnlyForDeploymentPostprocessing = 0;
		};
		8F3AB9241781C0BA0023348A /* Sources */ = {
			isa = PBXSourcesBuildPhase;
			buildActionMask = 2147483647;
			files = (
				8F3AB9381781C0BB0023348A /* ChromatismTests.m in Sources */,
				3260A15417A8845F008792E6 /* Helpers.m in Sources */,
				3260A15617A884EC008792E6 /* JLTokenizerTests.m in Sources */,
			);
			runOnlyForDeploymentPostprocessing = 0;
		};
/* End PBXSourcesBuildPhase section */

/* Begin PBXTargetDependency section */
		8F3AB92F1781C0BB0023348A /* PBXTargetDependency */ = {
			isa = PBXTargetDependency;
			target = 8F3AB9171781C0BA0023348A /* Chromatism */;
			targetProxy = 8F3AB92E1781C0BB0023348A /* PBXContainerItemProxy */;
		};
/* End PBXTargetDependency section */

/* Begin PBXVariantGroup section */
		8F3AB9341781C0BB0023348A /* InfoPlist.strings */ = {
			isa = PBXVariantGroup;
			children = (
				8F3AB9351781C0BB0023348A /* en */,
			);
			name = InfoPlist.strings;
			sourceTree = "<group>";
		};
/* End PBXVariantGroup section */

/* Begin XCBuildConfiguration section */
		8F3AB9391781C0BB0023348A /* Debug */ = {
			isa = XCBuildConfiguration;
			buildSettings = {
				ALWAYS_SEARCH_USER_PATHS = NO;
				CLANG_CXX_LANGUAGE_STANDARD = "gnu++0x";
				CLANG_CXX_LIBRARY = "libc++";
				CLANG_ENABLE_MODULES = YES;
				CLANG_ENABLE_OBJC_ARC = YES;
				CLANG_WARN_BOOL_CONVERSION = YES;
				CLANG_WARN_CONSTANT_CONVERSION = YES;
				CLANG_WARN_DIRECT_OBJC_ISA_USAGE = YES_ERROR;
				CLANG_WARN_EMPTY_BODY = YES;
				CLANG_WARN_ENUM_CONVERSION = YES;
				CLANG_WARN_INT_CONVERSION = YES;
				CLANG_WARN_OBJC_ROOT_CLASS = YES_ERROR;
				CLANG_WARN__DUPLICATE_METHOD_MATCH = YES;
				COPY_PHASE_STRIP = NO;
				GCC_C_LANGUAGE_STANDARD = gnu99;
				GCC_DYNAMIC_NO_PIC = NO;
				GCC_OPTIMIZATION_LEVEL = 0;
				GCC_PREPROCESSOR_DEFINITIONS = (
					"DEBUG=1",
					"$(inherited)",
				);
				GCC_SYMBOLS_PRIVATE_EXTERN = NO;
				GCC_WARN_ABOUT_RETURN_TYPE = YES_ERROR;
				GCC_WARN_UNDECLARED_SELECTOR = YES;
				GCC_WARN_UNINITIALIZED_AUTOS = YES;
				GCC_WARN_UNUSED_FUNCTION = YES;
				GCC_WARN_UNUSED_VARIABLE = YES;
				IPHONEOS_DEPLOYMENT_TARGET = 7.0;
				ONLY_ACTIVE_ARCH = YES;
				PRIVATE_HEADERS_FOLDER_PATH = "$(PUBLIC_HEADERS_FOLDER_PATH)/Private";
				PRODUCT_NAME = Chromatism;
				PUBLIC_HEADERS_FOLDER_PATH = ../../Headers/Chromatism;
				SDKROOT = iphoneos;
			};
			name = Debug;
		};
		8F3AB93A1781C0BB0023348A /* Release */ = {
			isa = XCBuildConfiguration;
			buildSettings = {
				ALWAYS_SEARCH_USER_PATHS = NO;
				CLANG_CXX_LANGUAGE_STANDARD = "gnu++0x";
				CLANG_CXX_LIBRARY = "libc++";
				CLANG_ENABLE_MODULES = YES;
				CLANG_ENABLE_OBJC_ARC = YES;
				CLANG_WARN_BOOL_CONVERSION = YES;
				CLANG_WARN_CONSTANT_CONVERSION = YES;
				CLANG_WARN_DIRECT_OBJC_ISA_USAGE = YES_ERROR;
				CLANG_WARN_EMPTY_BODY = YES;
				CLANG_WARN_ENUM_CONVERSION = YES;
				CLANG_WARN_INT_CONVERSION = YES;
				CLANG_WARN_OBJC_ROOT_CLASS = YES_ERROR;
				CLANG_WARN__DUPLICATE_METHOD_MATCH = YES;
				COPY_PHASE_STRIP = YES;
				ENABLE_NS_ASSERTIONS = NO;
				GCC_C_LANGUAGE_STANDARD = gnu99;
				GCC_WARN_ABOUT_RETURN_TYPE = YES_ERROR;
				GCC_WARN_UNDECLARED_SELECTOR = YES;
				GCC_WARN_UNINITIALIZED_AUTOS = YES;
				GCC_WARN_UNUSED_FUNCTION = YES;
				GCC_WARN_UNUSED_VARIABLE = YES;
				IPHONEOS_DEPLOYMENT_TARGET = 7.0;
				PRIVATE_HEADERS_FOLDER_PATH = "$(PUBLIC_HEADERS_FOLDER_PATH)/Private";
				PRODUCT_NAME = Chromatism;
				PUBLIC_HEADERS_FOLDER_PATH = ../../Headers/Chromatism;
				SDKROOT = iphoneos;
				VALIDATE_PRODUCT = YES;
			};
			name = Release;
		};
		8F3AB93C1781C0BB0023348A /* Debug */ = {
			isa = XCBuildConfiguration;
			buildSettings = {
				CLANG_ENABLE_MODULES = YES;
				CODE_SIGN_IDENTITY = "iPhone Developer";
				DSTROOT = /tmp/Chromatism.dst;
				GCC_PRECOMPILE_PREFIX_HEADER = YES;
				GCC_PREFIX_HEADER = "Chromatism/Chromatism-Prefix.pch";
				OTHER_LDFLAGS = "-ObjC";
				PRODUCT_NAME = "$(TARGET_NAME)";
				SKIP_INSTALL = YES;
				TARGETED_DEVICE_FAMILY = "1,2";
			};
			name = Debug;
		};
		8F3AB93D1781C0BB0023348A /* Release */ = {
			isa = XCBuildConfiguration;
			buildSettings = {
				CLANG_ENABLE_MODULES = YES;
				CODE_SIGN_IDENTITY = "iPhone Developer";
				DSTROOT = /tmp/Chromatism.dst;
				GCC_PRECOMPILE_PREFIX_HEADER = YES;
				GCC_PREFIX_HEADER = "Chromatism/Chromatism-Prefix.pch";
				OTHER_LDFLAGS = "-ObjC";
				PRODUCT_NAME = "$(TARGET_NAME)";
				SKIP_INSTALL = YES;
				TARGETED_DEVICE_FAMILY = "1,2";
			};
			name = Release;
		};
		8F3AB93F1781C0BB0023348A /* Debug */ = {
			isa = XCBuildConfiguration;
			buildSettings = {
				CODE_SIGN_IDENTITY = "iPhone Developer";
				FRAMEWORK_SEARCH_PATHS = (
					"$(SDKROOT)/Developer/Library/Frameworks",
					"$(inherited)",
					"$(SYSTEM_APPS_DIR)/Xcode5-DP2.app/Contents/Developer/Library/Frameworks",
				);
				GCC_PRECOMPILE_PREFIX_HEADER = YES;
				GCC_PREFIX_HEADER = "Chromatism/Chromatism-Prefix.pch";
				GCC_PREPROCESSOR_DEFINITIONS = (
					"DEBUG=1",
					"$(inherited)",
				);
				INFOPLIST_FILE = "ChromatismTests/ChromatismTests-Info.plist";
				PRODUCT_NAME = "$(TARGET_NAME)";
				PROVISIONING_PROFILE = "";
				WRAPPER_EXTENSION = xctest;
			};
			name = Debug;
		};
		8F3AB9401781C0BB0023348A /* Release */ = {
			isa = XCBuildConfiguration;
			buildSettings = {
				CODE_SIGN_IDENTITY = "iPhone Developer";
				FRAMEWORK_SEARCH_PATHS = (
					"$(SDKROOT)/Developer/Library/Frameworks",
					"$(inherited)",
					"$(SYSTEM_APPS_DIR)/Xcode5-DP2.app/Contents/Developer/Library/Frameworks",
				);
				GCC_PRECOMPILE_PREFIX_HEADER = YES;
				GCC_PREFIX_HEADER = "Chromatism/Chromatism-Prefix.pch";
				INFOPLIST_FILE = "ChromatismTests/ChromatismTests-Info.plist";
				PRODUCT_NAME = "$(TARGET_NAME)";
				PROVISIONING_PROFILE = "";
				WRAPPER_EXTENSION = xctest;
			};
			name = Release;
		};
/* End XCBuildConfiguration section */

/* Begin XCConfigurationList section */
		8F3AB9131781C0BA0023348A /* Build configuration list for PBXProject "Chromatism" */ = {
			isa = XCConfigurationList;
			buildConfigurations = (
				8F3AB9391781C0BB0023348A /* Debug */,
				8F3AB93A1781C0BB0023348A /* Release */,
			);
			defaultConfigurationIsVisible = 0;
			defaultConfigurationName = Release;
		};
		8F3AB93B1781C0BB0023348A /* Build configuration list for PBXNativeTarget "Chromatism" */ = {
			isa = XCConfigurationList;
			buildConfigurations = (
				8F3AB93C1781C0BB0023348A /* Debug */,
				8F3AB93D1781C0BB0023348A /* Release */,
			);
			defaultConfigurationIsVisible = 0;
			defaultConfigurationName = Release;
		};
		8F3AB93E1781C0BB0023348A /* Build configuration list for PBXNativeTarget "ChromatismTests" */ = {
			isa = XCConfigurationList;
			buildConfigurations = (
				8F3AB93F1781C0BB0023348A /* Debug */,
				8F3AB9401781C0BB0023348A /* Release */,
			);
			defaultConfigurationIsVisible = 0;
			defaultConfigurationName = Release;
		};
/* End XCConfigurationList section */
	};
	rootObject = 8F3AB9101781C0BA0023348A /* Project object */;
}
